
Microsoft Visual Studio Solution File, Format Version 12.00
# Visual Studio Version 17
VisualStudioVersion = 17.8.34330.188
MinimumVisualStudioVersion = 10.0.40219.1
Project("{FAE04EC0-301F-11D3-BF4B-00C04F79EFBC}") = "RelationshipBetweenEntities", "RelationshipBetweenEntities\RelationshipBetweenEntities.csproj", "{0686C00F-42B9-4DE5-A190-21FA07924A72}"
EndProject
Project("{FAE04EC0-301F-11D3-BF4B-00C04F79EFBC}") = "Data", "Data\Data.csproj", "{4C9FC13F-E64B-4964-A4C4-E34697267C18}"
EndProject
Project("{FAE04EC0-301F-11D3-BF4B-00C04F79EFBC}") = "Model", "Model\Model.csproj", "{9E5E3CD1-BBFC-49F6-9D31-661C3873D1B0}"
EndProject
Global
	GlobalSection(SolutionConfigurationPlatforms) = preSolution
		Debug|Any CPU = Debug|Any CPU
		Release|Any CPU = Release|Any CPU
	EndGlobalSection
	GlobalSection(ProjectConfigurationPlatforms) = postSolution
		{0686C00F-42B9-4DE5-A190-21FA07924A72}.Debug|Any CPU.ActiveCfg = Debug|Any CPU
		{0686C00F-42B9-4DE5-A190-21FA07924A72}.Debug|Any CPU.Build.0 = Debug|Any CPU
		{0686C00F-42B9-4DE5-A190-21FA07924A72}.Release|Any CPU.ActiveCfg = Release|Any CPU
		{0686C00F-42B9-4DE5-A190-21FA07924A72}.Release|Any CPU.Build.0 = Release|Any CPU
		{4C9FC13F-E64B-4964-A4C4-E34697267C18}.Debug|Any CPU.ActiveCfg = Debug|Any CPU
		{4C9FC13F-E64B-4964-A4C4-E34697267C18}.Debug|Any CPU.Build.0 = Debug|Any CPU
		{4C9FC13F-E64B-4964-A4C4-E34697267C18}.Release|Any CPU.ActiveCfg = Release|Any CPU
		{4C9FC13F-E64B-4964-A4C4-E34697267C18}.Release|Any CPU.Build.0 = Release|Any CPU
		{9E5E3CD1-BBFC-49F6-9D31-661C3873D1B0}.Debug|Any CPU.ActiveCfg = Debug|Any CPU
		{9E5E3CD1-BBFC-49F6-9D31-661C3873D1B0}.Debug|Any CPU.Build.0 = Debug|Any CPU
		{9E5E3CD1-BBFC-49F6-9D31-661C3873D1B0}.Release|Any CPU.ActiveCfg = Release|Any CPU
		{9E5E3CD1-BBFC-49F6-9D31-661C3873D1B0}.Release|Any CPU.Build.0 = Release|Any CPU
	EndGlobalSection
	GlobalSection(SolutionProperties) = preSolution
		HideSolutionNode = FALSE
	EndGlobalSection
	GlobalSection(ExtensibilityGlobals) = postSolution
		SolutionGuid = {F87C12E9-B964-4620-BC0B-75C3A88DB590}
	EndGlobalSection
EndGlobal
